
Microsoft Visual Studio Solution File, Format Version 12.00
# Visual Studio Version 16
VisualStudioVersion = 16.0.32126.315
MinimumVisualStudioVersion = 10.0.40219.1
Project("{FAE04EC0-301F-11D3-BF4B-00C04F79EFBC}") = "WebApiCore.Api", "WebApiCore.Api.csproj", "{F2D00978-CBB2-4D1E-BE2B-DB6421BD10A2}"
	ProjectSection(ProjectDependencies) = postProject
		{FF4FD4D4-9BFE-471C-A1ED-8BBF4764BD2E} = {FF4FD4D4-9BFE-471C-A1ED-8BBF4764BD2E}
	EndProjectSection
EndProject
Project("{FAE04EC0-301F-11D3-BF4B-00C04F79EFBC}") = "WebApiCore.Data", "..\WebApiCore.Data\WebApiCore.Data.csproj", "{FF4FD4D4-9BFE-471C-A1ED-8BBF4764BD2E}"
EndProject
Global
	GlobalSection(SolutionConfigurationPlatforms) = preSolution
		Debug|Any CPU = Debug|Any CPU
		Release|Any CPU = Release|Any CPU
	EndGlobalSection
	GlobalSection(ProjectConfigurationPlatforms) = postSolution
		{F2D00978-CBB2-4D1E-BE2B-DB6421BD10A2}.Debug|Any CPU.ActiveCfg = Debug|Any CPU
		{F2D00978-CBB2-4D1E-BE2B-DB6421BD10A2}.Debug|Any CPU.Build.0 = Debug|Any CPU
		{F2D00978-CBB2-4D1E-BE2B-DB6421BD10A2}.Release|Any CPU.ActiveCfg = Release|Any CPU
		{F2D00978-CBB2-4D1E-BE2B-DB6421BD10A2}.Release|Any CPU.Build.0 = Release|Any CPU
		{FF4FD4D4-9BFE-471C-A1ED-8BBF4764BD2E}.Debug|Any CPU.ActiveCfg = Debug|Any CPU
		{FF4FD4D4-9BFE-471C-A1ED-8BBF4764BD2E}.Debug|Any CPU.Build.0 = Debug|Any CPU
		{FF4FD4D4-9BFE-471C-A1ED-8BBF4764BD2E}.Release|Any CPU.ActiveCfg = Release|Any CPU
		{FF4FD4D4-9BFE-471C-A1ED-8BBF4764BD2E}.Release|Any CPU.Build.0 = Release|Any CPU
	EndGlobalSection
	GlobalSection(SolutionProperties) = preSolution
		HideSolutionNode = FALSE
	EndGlobalSection
	GlobalSection(ExtensibilityGlobals) = postSolution
		SolutionGuid = {3972A93B-B341-4DB4-B042-AB7709451903}
	EndGlobalSection
EndGlobal
